
Microsoft Visual Studio Solution File, Format Version 12.00
Project("{FAE04EC0-301F-11D3-BF4B-00C04F79EFBC}") = "Habitat.Api", "Habitat.Api\Habitat.Api.csproj", "{14E2A1DC-8A20-4314-A92C-02F06598EE68}"
EndProject
Project("{FAE04EC0-301F-11D3-BF4B-00C04F79EFBC}") = "Habitat.DataAccess", "Habitat.DataAccess\Habitat.DataAccess.csproj", "{F5760B92-CAE9-4921-A4A0-8FBB9A2570FD}"
EndProject
Project("{2150E333-8FDC-42A3-9474-1A3956D46DE8}") = "SolutionFolder", "SolutionFolder", "{381D4BD2-E662-4A08-80DF-C813A6F15245}"
ProjectSection(SolutionItems) = preProject
	.gitignore = .gitignore
	docker-compose-local.yml = docker-compose-local.yml
	Dockerfile = Dockerfile
	README.md = README.md
EndProjectSection
EndProject
Project("{FAE04EC0-301F-11D3-BF4B-00C04F79EFBC}") = "Habitat.Domain", "Habitat.Domain\Habitat.Domain.csproj", "{9DF5DAF5-2C2C-4201-A6F8-F650A24FB605}"
EndProject
Project("{FAE04EC0-301F-11D3-BF4B-00C04F79EFBC}") = "Habitat.Application", "Habitat.Application\Habitat.Application.csproj", "{6F63AA65-1DC3-49A5-A0C5-E4A92766CA38}"
EndProject
Project("{FAE04EC0-301F-11D3-BF4B-00C04F79EFBC}") = "Habitat.Common", "Habitat.Common\Habitat.Common.csproj", "{59024CF1-C8D2-496A-9976-19568DA16CA3}"
EndProject
Project("{FAE04EC0-301F-11D3-BF4B-00C04F79EFBC}") = "Habitat.News", "Habitat.News\Habitat.News.csproj", "{E65983E7-57C5-4583-B749-391FEE63A157}"
EndProject
Global
	GlobalSection(SolutionConfigurationPlatforms) = preSolution
		Debug|Any CPU = Debug|Any CPU
		Release|Any CPU = Release|Any CPU
	EndGlobalSection
	GlobalSection(ProjectConfigurationPlatforms) = postSolution
		{14E2A1DC-8A20-4314-A92C-02F06598EE68}.Debug|Any CPU.ActiveCfg = Debug|Any CPU
		{14E2A1DC-8A20-4314-A92C-02F06598EE68}.Debug|Any CPU.Build.0 = Debug|Any CPU
		{14E2A1DC-8A20-4314-A92C-02F06598EE68}.Release|Any CPU.ActiveCfg = Release|Any CPU
		{14E2A1DC-8A20-4314-A92C-02F06598EE68}.Release|Any CPU.Build.0 = Release|Any CPU
		{F5760B92-CAE9-4921-A4A0-8FBB9A2570FD}.Debug|Any CPU.ActiveCfg = Debug|Any CPU
		{F5760B92-CAE9-4921-A4A0-8FBB9A2570FD}.Debug|Any CPU.Build.0 = Debug|Any CPU
		{F5760B92-CAE9-4921-A4A0-8FBB9A2570FD}.Release|Any CPU.ActiveCfg = Release|Any CPU
		{F5760B92-CAE9-4921-A4A0-8FBB9A2570FD}.Release|Any CPU.Build.0 = Release|Any CPU
		{9DF5DAF5-2C2C-4201-A6F8-F650A24FB605}.Debug|Any CPU.ActiveCfg = Debug|Any CPU
		{9DF5DAF5-2C2C-4201-A6F8-F650A24FB605}.Debug|Any CPU.Build.0 = Debug|Any CPU
		{9DF5DAF5-2C2C-4201-A6F8-F650A24FB605}.Release|Any CPU.ActiveCfg = Release|Any CPU
		{9DF5DAF5-2C2C-4201-A6F8-F650A24FB605}.Release|Any CPU.Build.0 = Release|Any CPU
		{6F63AA65-1DC3-49A5-A0C5-E4A92766CA38}.Debug|Any CPU.ActiveCfg = Debug|Any CPU
		{6F63AA65-1DC3-49A5-A0C5-E4A92766CA38}.Debug|Any CPU.Build.0 = Debug|Any CPU
		{6F63AA65-1DC3-49A5-A0C5-E4A92766CA38}.Release|Any CPU.ActiveCfg = Release|Any CPU
		{6F63AA65-1DC3-49A5-A0C5-E4A92766CA38}.Release|Any CPU.Build.0 = Release|Any CPU
		{59024CF1-C8D2-496A-9976-19568DA16CA3}.Debug|Any CPU.ActiveCfg = Debug|Any CPU
		{59024CF1-C8D2-496A-9976-19568DA16CA3}.Debug|Any CPU.Build.0 = Debug|Any CPU
		{59024CF1-C8D2-496A-9976-19568DA16CA3}.Release|Any CPU.ActiveCfg = Release|Any CPU
		{59024CF1-C8D2-496A-9976-19568DA16CA3}.Release|Any CPU.Build.0 = Release|Any CPU
		{E65983E7-57C5-4583-B749-391FEE63A157}.Debug|Any CPU.ActiveCfg = Debug|Any CPU
		{E65983E7-57C5-4583-B749-391FEE63A157}.Debug|Any CPU.Build.0 = Debug|Any CPU
		{E65983E7-57C5-4583-B749-391FEE63A157}.Release|Any CPU.ActiveCfg = Release|Any CPU
		{E65983E7-57C5-4583-B749-391FEE63A157}.Release|Any CPU.Build.0 = Release|Any CPU
	EndGlobalSection
EndGlobal
